// !$*UTF8*$!
{
	archiveVersion = 1;
	classes = {
	};
	objectVersion = 48;
	objects = {

/* Begin PBXBuildFile section */
		3B8906605A07209593CB723D /* Pods_FacebookTest.framework in Frameworks */ = {isa = PBXBuildFile; fileRef = 5A8E314461DBAB09F7D20529 /* Pods_FacebookTest.framework */; };
		8A201EBF1FB4BA96001E4E71 /* AppDelegate.swift in Sources */ = {isa = PBXBuildFile; fileRef = 8A201EBE1FB4BA96001E4E71 /* AppDelegate.swift */; };
		8A201EC11FB4BA96001E4E71 /* ViewController.swift in Sources */ = {isa = PBXBuildFile; fileRef = 8A201EC01FB4BA96001E4E71 /* ViewController.swift */; };
		8A201EC41FB4BA96001E4E71 /* Main.storyboard in Resources */ = {isa = PBXBuildFile; fileRef = 8A201EC21FB4BA96001E4E71 /* Main.storyboard */; };
		8A201EC61FB4BA96001E4E71 /* Assets.xcassets in Resources */ = {isa = PBXBuildFile; fileRef = 8A201EC51FB4BA96001E4E71 /* Assets.xcassets */; };
		8A201EC91FB4BA96001E4E71 /* LaunchScreen.storyboard in Resources */ = {isa = PBXBuildFile; fileRef = 8A201EC71FB4BA96001E4E71 /* LaunchScreen.storyboard */; };
/* End PBXBuildFile section */

/* Begin PBXFileReference section */
		161BCC7F35363994CB1D9F5F /* Pods-FacebookTest.debug.xcconfig */ = {isa = PBXFileReference; includeInIndex = 1; lastKnownFileType = text.xcconfig; name = "Pods-FacebookTest.debug.xcconfig"; path = "Pods/Target Support Files/Pods-FacebookTest/Pods-FacebookTest.debug.xcconfig"; sourceTree = "<group>"; };
		5A8E314461DBAB09F7D20529 /* Pods_FacebookTest.framework */ = {isa = PBXFileReference; explicitFileType = wrapper.framework; includeInIndex = 0; path = Pods_FacebookTest.framework; sourceTree = BUILT_PRODUCTS_DIR; };
		8A201EBB1FB4BA96001E4E71 /* FacebookTest.app */ = {isa = PBXFileReference; explicitFileType = wrapper.application; includeInIndex = 0; path = FacebookTest.app; sourceTree = BUILT_PRODUCTS_DIR; };
		8A201EBE1FB4BA96001E4E71 /* AppDelegate.swift */ = {isa = PBXFileReference; lastKnownFileType = sourcecode.swift; path = AppDelegate.swift; sourceTree = "<group>"; };
		8A201EC01FB4BA96001E4E71 /* ViewController.swift */ = {isa = PBXFileReference; lastKnownFileType = sourcecode.swift; path = ViewController.swift; sourceTree = "<group>"; };
		8A201EC31FB4BA96001E4E71 /* Base */ = {isa = PBXFileReference; lastKnownFileType = file.storyboard; name = Base; path = Base.lproj/Main.storyboard; sourceTree = "<group>"; };
		8A201EC51FB4BA96001E4E71 /* Assets.xcassets */ = {isa = PBXFileReference; lastKnownFileType = folder.assetcatalog; path = Assets.xcassets; sourceTree = "<group>"; };
		8A201EC81FB4BA96001E4E71 /* Base */ = {isa = PBXFileReference; lastKnownFileType = file.storyboard; name = Base; path = Base.lproj/LaunchScreen.storyboard; sourceTree = "<group>"; };
		8A201ECA1FB4BA96001E4E71 /* Info.plist */ = {isa = PBXFileReference; lastKnownFileType = text.plist.xml; path = Info.plist; sourceTree = "<group>"; };
		A92D01BB3D480AB14D1AE40B /* Pods-FacebookTest.release.xcconfig */ = {isa = PBXFileReference; includeInIndex = 1; lastKnownFileType = text.xcconfig; name = "Pods-FacebookTest.release.xcconfig"; path = "Pods/Target Support Files/Pods-FacebookTest/Pods-FacebookTest.release.xcconfig"; sourceTree = "<group>"; };
/* End PBXFileReference section */

/* Begin PBXFrameworksBuildPhase section */
		8A201EB81FB4BA96001E4E71 /* Frameworks */ = {
			isa = PBXFrameworksBuildPhase;
			buildActionMask = 2147483647;
			files = (
				3B8906605A07209593CB723D /* Pods_FacebookTest.framework in Frameworks */,
			);
			runOnlyForDeploymentPostprocessing = 0;
		};
/* End PBXFrameworksBuildPhase section */

/* Begin PBXGroup section */
		1D920CA0B8E0F1324B84A354 /* Frameworks */ = {
			isa = PBXGroup;
			children = (
				5A8E314461DBAB09F7D20529 /* Pods_FacebookTest.framework */,
			);
			name = Frameworks;
			sourceTree = "<group>";
		};
		2DF027AD7DACFAB02FEDB37D /* Pods */ = {
			isa = PBXGroup;
			children = (
				161BCC7F35363994CB1D9F5F /* Pods-FacebookTest.debug.xcconfig */,
				A92D01BB3D480AB14D1AE40B /* Pods-FacebookTest.release.xcconfig */,
			);
			name = Pods;
			sourceTree = "<group>";
		};
		8A201EB21FB4BA96001E4E71 = {
			isa = PBXGroup;
			children = (
				8A201EBD1FB4BA96001E4E71 /* FacebookTest */,
				8A201EBC1FB4BA96001E4E71 /* Products */,
				2DF027AD7DACFAB02FEDB37D /* Pods */,
				1D920CA0B8E0F1324B84A354 /* Frameworks */,
			);
			sourceTree = "<group>";
		};
		8A201EBC1FB4BA96001E4E71 /* Products */ = {
			isa = PBXGroup;
			children = (
				8A201EBB1FB4BA96001E4E71 /* FacebookTest.app */,
			);
			name = Products;
			sourceTree = "<group>";
		};
		8A201EBD1FB4BA96001E4E71 /* FacebookTest */ = {
			isa = PBXGroup;
			children = (
				8A201EBE1FB4BA96001E4E71 /* AppDelegate.swift */,
				8A201EC01FB4BA96001E4E71 /* ViewController.swift */,
				8A201EC21FB4BA96001E4E71 /* Main.storyboard */,
				8A201EC51FB4BA96001E4E71 /* Assets.xcassets */,
				8A201EC71FB4BA96001E4E71 /* LaunchScreen.storyboard */,
				8A201ECA1FB4BA96001E4E71 /* Info.plist */,
			);
			path = FacebookTest;
			sourceTree = "<group>";
		};
/* End PBXGroup section */

/* Begin PBXNativeTarget section */
		8A201EBA1FB4BA96001E4E71 /* FacebookTest */ = {
			isa = PBXNativeTarget;
			buildConfigurationList = 8A201ECD1FB4BA96001E4E71 /* Build configuration list for PBXNativeTarget "FacebookTest" */;
			buildPhases = (
				04E5117142275679A3E0032C /* [CP] Check Pods Manifest.lock */,
				8A201EB71FB4BA96001E4E71 /* Sources */,
				8A201EB81FB4BA96001E4E71 /* Frameworks */,
				8A201EB91FB4BA96001E4E71 /* Resources */,
				6B2780480E42724A6849202E /* [CP] Embed Pods Frameworks */,
				86B189A6978C51CD5C9B36FA /* [CP] Copy Pods Resources */,
			);
			buildRules = (
			);
			dependencies = (
			);
			name = FacebookTest;
			productName = FacebookTest;
			productReference = 8A201EBB1FB4BA96001E4E71 /* FacebookTest.app */;
			productType = "com.apple.product-type.application";
		};
/* End PBXNativeTarget section */

/* Begin PBXProject section */
		8A201EB31FB4BA96001E4E71 /* Project object */ = {
			isa = PBXProject;
			attributes = {
				LastSwiftUpdateCheck = 0910;
				LastUpgradeCheck = 0910;
				ORGANIZATIONNAME = "Eduardo Hoyos Loli";
				TargetAttributes = {
					8A201EBA1FB4BA96001E4E71 = {
						CreatedOnToolsVersion = 9.1;
						ProvisioningStyle = Automatic;
					};
				};
			};
			buildConfigurationList = 8A201EB61FB4BA96001E4E71 /* Build configuration list for PBXProject "FacebookTest" */;
			compatibilityVersion = "Xcode 8.0";
			developmentRegion = en;
			hasScannedForEncodings = 0;
			knownRegions = (
				en,
				Base,
			);
			mainGroup = 8A201EB21FB4BA96001E4E71;
			productRefGroup = 8A201EBC1FB4BA96001E4E71 /* Products */;
			projectDirPath = "";
			projectRoot = "";
			targets = (
				8A201EBA1FB4BA96001E4E71 /* FacebookTest */,
			);
		};
/* End PBXProject section */

/* Begin PBXResourcesBuildPhase section */
		8A201EB91FB4BA96001E4E71 /* Resources */ = {
			isa = PBXResourcesBuildPhase;
			buildActionMask = 2147483647;
			files = (
				8A201EC91FB4BA96001E4E71 /* LaunchScreen.storyboard in Resources */,
				8A201EC61FB4BA96001E4E71 /* Assets.xcassets in Resources */,
				8A201EC41FB4BA96001E4E71 /* Main.storyboard in Resources */,
			);
			runOnlyForDeploymentPostprocessing = 0;
		};
/* End PBXResourcesBuildPhase section */

/* Begin PBXShellScriptBuildPhase section */
		04E5117142275679A3E0032C /* [CP] Check Pods Manifest.lock */ = {
			isa = PBXShellScriptBuildPhase;
			buildActionMask = 2147483647;
			files = (
			);
			inputPaths = (
				"${PODS_PODFILE_DIR_PATH}/Podfile.lock",
				"${PODS_ROOT}/Manifest.lock",
			);
			name = "[CP] Check Pods Manifest.lock";
			outputPaths = (
				"$(DERIVED_FILE_DIR)/Pods-FacebookTest-checkManifestLockResult.txt",
			);
			runOnlyForDeploymentPostprocessing = 0;
			shellPath = /bin/sh;
			shellScript = "diff \"${PODS_PODFILE_DIR_PATH}/Podfile.lock\" \"${PODS_ROOT}/Manifest.lock\" > /dev/null\nif [ $? != 0 ] ; then\n    # print error to STDERR\n    echo \"error: The sandbox is not in sync with the Podfile.lock. Run 'pod install' or update your CocoaPods installation.\" >&2\n    exit 1\nfi\n# This output is used by Xcode 'outputs' to avoid re-running this script phase.\necho \"SUCCESS\" > \"${SCRIPT_OUTPUT_FILE_0}\"\n";
			showEnvVarsInLog = 0;
		};
		6B2780480E42724A6849202E /* [CP] Embed Pods Frameworks */ = {
			isa = PBXShellScriptBuildPhase;
			buildActionMask = 2147483647;
			files = (
			);
			inputPaths = (
				"${SRCROOT}/Pods/Target Support Files/Pods-FacebookTest/Pods-FacebookTest-frameworks.sh",
				"${BUILT_PRODUCTS_DIR}/Bolts/Bolts.framework",
				"${BUILT_PRODUCTS_DIR}/FBSDKCoreKit/FBSDKCoreKit.framework",
				"${BUILT_PRODUCTS_DIR}/FBSDKLoginKit/FBSDKLoginKit.framework",
				"${BUILT_PRODUCTS_DIR}/FBSDKShareKit/FBSDKShareKit.framework",
				"${BUILT_PRODUCTS_DIR}/FacebookCore/FacebookCore.framework",
				"${BUILT_PRODUCTS_DIR}/FacebookLogin/FacebookLogin.framework",
				"${BUILT_PRODUCTS_DIR}/FacebookShare/FacebookShare.framework",
			);
			name = "[CP] Embed Pods Frameworks";
			outputPaths = (
				"${TARGET_BUILD_DIR}/${FRAMEWORKS_FOLDER_PATH}/Bolts.framework",
				"${TARGET_BUILD_DIR}/${FRAMEWORKS_FOLDER_PATH}/FBSDKCoreKit.framework",
				"${TARGET_BUILD_DIR}/${FRAMEWORKS_FOLDER_PATH}/FBSDKLoginKit.framework",
				"${TARGET_BUILD_DIR}/${FRAMEWORKS_FOLDER_PATH}/FBSDKShareKit.framework",
				"${TARGET_BUILD_DIR}/${FRAMEWORKS_FOLDER_PATH}/FacebookCore.framework",
				"${TARGET_BUILD_DIR}/${FRAMEWORKS_FOLDER_PATH}/FacebookLogin.framework",
				"${TARGET_BUILD_DIR}/${FRAMEWORKS_FOLDER_PATH}/FacebookShare.framework",
			);
			runOnlyForDeploymentPostprocessing = 0;
			shellPath = /bin/sh;
			shellScript = "\"${SRCROOT}/Pods/Target Support Files/Pods-FacebookTest/Pods-FacebookTest-frameworks.sh\"\n";
			showEnvVarsInLog = 0;
		};
		86B189A6978C51CD5C9B36FA /* [CP] Copy Pods Resources */ = {
			isa = PBXShellScriptBuildPhase;
			buildActionMask = 2147483647;
			files = (
			);
			inputPaths = (
			);
			name = "[CP] Copy Pods Resources";
			outputPaths = (
			);
			runOnlyForDeploymentPostprocessing = 0;
			shellPath = /bin/sh;
			shellScript = "\"${SRCROOT}/Pods/Target Support Files/Pods-FacebookTest/Pods-FacebookTest-resources.sh\"\n";
			showEnvVarsInLog = 0;
		};
/* End PBXShellScriptBuildPhase section */

/* Begin PBXSourcesBuildPhase section */
		8A201EB71FB4BA96001E4E71 /* Sources */ = {
			isa = PBXSourcesBuildPhase;
			buildActionMask = 2147483647;
			files = (
				8A201EC11FB4BA96001E4E71 /* ViewController.swift in Sources */,
				8A201EBF1FB4BA96001E4E71 /* AppDelegate.swift in Sources */,
			);
			runOnlyForDeploymentPostprocessing = 0;
		};
/* End PBXSourcesBuildPhase section */

/* Begin PBXVariantGroup section */
		8A201EC21FB4BA96001E4E71 /* Main.storyboard */ = {
			isa = PBXVariantGroup;
			children = (
				8A201EC31FB4BA96001E4E71 /* Base */,
			);
			name = Main.storyboard;
			sourceTree = "<group>";
		};
		8A201EC71FB4BA96001E4E71 /* LaunchScreen.storyboard */ = {
			isa = PBXVariantGroup;
			children = (
				8A201EC81FB4BA96001E4E71 /* Base */,
			);
			name = LaunchScreen.storyboard;
			sourceTree = "<group>";
		};
/* End PBXVariantGroup section */

/* Begin XCBuildConfiguration section */
		8A201ECB1FB4BA96001E4E71 /* Debug */ = {
			isa = XCBuildConfiguration;
			buildSettings = {
				ALWAYS_SEARCH_USER_PATHS = NO;
				CLANG_ANALYZER_NONNULL = YES;
				CLANG_ANALYZER_NUMBER_OBJECT_CONVERSION = YES_AGGRESSIVE;
				CLANG_CXX_LANGUAGE_STANDARD = "gnu++14";
				CLANG_CXX_LIBRARY = "libc++";
				CLANG_ENABLE_MODULES = YES;
				CLANG_ENABLE_OBJC_ARC = YES;
				CLANG_WARN_BLOCK_CAPTURE_AUTORELEASING = YES;
				CLANG_WARN_BOOL_CONVERSION = YES;
				CLANG_WARN_COMMA = YES;
				CLANG_WARN_CONSTANT_CONVERSION = YES;
				CLANG_WARN_DIRECT_OBJC_ISA_USAGE = YES_ERROR;
				CLANG_WARN_DOCUMENTATION_COMMENTS = YES;
				CLANG_WARN_EMPTY_BODY = YES;
				CLANG_WARN_ENUM_CONVERSION = YES;
				CLANG_WARN_INFINITE_RECURSION = YES;
				CLANG_WARN_INT_CONVERSION = YES;
				CLANG_WARN_NON_LITERAL_NULL_CONVERSION = YES;
				CLANG_WARN_OBJC_LITERAL_CONVERSION = YES;
				CLANG_WARN_OBJC_ROOT_CLASS = YES_ERROR;
				CLANG_WARN_RANGE_LOOP_ANALYSIS = YES;
				CLANG_WARN_STRICT_PROTOTYPES = YES;
				CLANG_WARN_SUSPICIOUS_MOVE = YES;
				CLANG_WARN_UNGUARDED_AVAILABILITY = YES_AGGRESSIVE;
				CLANG_WARN_UNREACHABLE_CODE = YES;
				CLANG_WARN__DUPLICATE_METHOD_MATCH = YES;
				CODE_SIGN_IDENTITY = "iPhone Developer";
				COPY_PHASE_STRIP = NO;
				DEBUG_INFORMATION_FORMAT = dwarf;
				ENABLE_STRICT_OBJC_MSGSEND = YES;
				ENABLE_TESTABILITY = YES;
				GCC_C_LANGUAGE_STANDARD = gnu11;
				GCC_DYNAMIC_NO_PIC = NO;
				GCC_NO_COMMON_BLOCKS = YES;
				GCC_OPTIMIZATION_LEVEL = 0;
				GCC_PREPROCESSOR_DEFINITIONS = (
					"DEBUG=1",
					"$(inherited)",
				);
				GCC_WARN_64_TO_32_BIT_CONVERSION = YES;
				GCC_WARN_ABOUT_RETURN_TYPE = YES_ERROR;
				GCC_WARN_UNDECLARED_SELECTOR = YES;
				GCC_WARN_UNINITIALIZED_AUTOS = YES_AGGRESSIVE;
				GCC_WARN_UNUSED_FUNCTION = YES;
				GCC_WARN_UNUSED_VARIABLE = YES;
				IPHONEOS_DEPLOYMENT_TARGET = 11.1;
				MTL_ENABLE_DEBUG_INFO = YES;
				ONLY_ACTIVE_ARCH = YES;
				SDKROOT = iphoneos;
				SWIFT_ACTIVE_COMPILATION_CONDITIONS = DEBUG;
				SWIFT_OPTIMIZATION_LEVEL = "-Onone";
			};
			name = Debug;
		};
		8A201ECC1FB4BA96001E4E71 /* Release */ = {
			isa = XCBuildConfiguration;
			buildSettings = {
				ALWAYS_SEARCH_USER_PATHS = NO;
				CLANG_ANALYZER_NONNULL = YES;
				CLANG_ANALYZER_NUMBER_OBJECT_CONVERSION = YES_AGGRESSIVE;
				CLANG_CXX_LANGUAGE_STANDARD = "gnu++14";
				CLANG_CXX_LIBRARY = "libc++";
				CLANG_ENABLE_MODULES = YES;
				CLANG_ENABLE_OBJC_ARC = YES;
				CLANG_WARN_BLOCK_CAPTURE_AUTORELEASING = YES;
				CLANG_WARN_BOOL_CONVERSION = YES;
				CLANG_WARN_COMMA = YES;
				CLANG_WARN_CONSTANT_CONVERSION = YES;
				CLANG_WARN_DIRECT_OBJC_ISA_USAGE = YES_ERROR;
				CLANG_WARN_DOCUMENTATION_COMMENTS = YES;
				CLANG_WARN_EMPTY_BODY = YES;
				CLANG_WARN_ENUM_CONVERSION = YES;
				CLANG_WARN_INFINITE_RECURSION = YES;
				CLANG_WARN_INT_CONVERSION = YES;
				CLANG_WARN_NON_LITERAL_NULL_CONVERSION = YES;
				CLANG_WARN_OBJC_LITERAL_CONVERSION = YES;
				CLANG_WARN_OBJC_ROOT_CLASS = YES_ERROR;
				CLANG_WARN_RANGE_LOOP_ANALYSIS = YES;
				CLANG_WARN_STRICT_PROTOTYPES = YES;
				CLANG_WARN_SUSPICIOUS_MOVE = YES;
				CLANG_WARN_UNGUARDED_AVAILABILITY = YES_AGGRESSIVE;
				CLANG_WARN_UNREACHABLE_CODE = YES;
				CLANG_WARN__DUPLICATE_METHOD_MATCH = YES;
				CODE_SIGN_IDENTITY = "iPhone Developer";
				COPY_PHASE_STRIP = NO;
				DEBUG_INFORMATION_FORMAT = "dwarf-with-dsym";
				ENABLE_NS_ASSERTIONS = NO;
				ENABLE_STRICT_OBJC_MSGSEND = YES;
				GCC_C_LANGUAGE_STANDARD = gnu11;
				GCC_NO_COMMON_BLOCKS = YES;
				GCC_WARN_64_TO_32_BIT_CONVERSION = YES;
				GCC_WARN_ABOUT_RETURN_TYPE = YES_ERROR;
				GCC_WARN_UNDECLARED_SELECTOR = YES;
				GCC_WARN_UNINITIALIZED_AUTOS = YES_AGGRESSIVE;
				GCC_WARN_UNUSED_FUNCTION = YES;
				GCC_WARN_UNUSED_VARIABLE = YES;
				IPHONEOS_DEPLOYMENT_TARGET = 11.1;
				MTL_ENABLE_DEBUG_INFO = NO;
				SDKROOT = iphoneos;
				SWIFT_OPTIMIZATION_LEVEL = "-Owholemodule";
				VALIDATE_PRODUCT = YES;
			};
			name = Release;
		};
		8A201ECE1FB4BA96001E4E71 /* Debug */ = {
			isa = XCBuildConfiguration;
			baseConfigurationReference = 161BCC7F35363994CB1D9F5F /* Pods-FacebookTest.debug.xcconfig */;
			buildSettings = {
				ASSETCATALOG_COMPILER_APPICON_NAME = AppIcon;
				CODE_SIGN_STYLE = Automatic;
				DEVELOPMENT_TEAM = PVDS7F748A;
				INFOPLIST_FILE = FacebookTest/Info.plist;
				IPHONEOS_DEPLOYMENT_TARGET = 10.0;
				LD_RUNPATH_SEARCH_PATHS = "$(inherited) @executable_path/Frameworks";
				PRODUCT_BUNDLE_IDENTIFIER = com.jcodee.FacebookTest;
				PRODUCT_NAME = "$(TARGET_NAME)";
				SWIFT_VERSION = 4.0;
				TARGETED_DEVICE_FAMILY = "1,2";
			};
			name = Debug;
		};
		8A201ECF1FB4BA96001E4E71 /* Release */ = {
			isa = XCBuildConfiguration;
			baseConfigurationReference = A92D01BB3D480AB14D1AE40B /* Pods-FacebookTest.release.xcconfig */;
			buildSettings = {
				ASSETCATALOG_COMPILER_APPICON_NAME = AppIcon;
				CODE_SIGN_STYLE = Automatic;
				DEVELOPMENT_TEAM = PVDS7F748A;
				INFOPLIST_FILE = FacebookTest/Info.plist;
				IPHONEOS_DEPLOYMENT_TARGET = 10.0;
				LD_RUNPATH_SEARCH_PATHS = "$(inherited) @executable_path/Frameworks";
				PRODUCT_BUNDLE_IDENTIFIER = com.jcodee.FacebookTest;
				PRODUCT_NAME = "$(TARGET_NAME)";
				SWIFT_VERSION = 4.0;
				TARGETED_DEVICE_FAMILY = "1,2";
			};
			name = Release;
		};
/* End XCBuildConfiguration section */

/* Begin XCConfigurationList section */
		8A201EB61FB4BA96001E4E71 /* Build configuration list for PBXProject "FacebookTest" */ = {
			isa = XCConfigurationList;
			buildConfigurations = (
				8A201ECB1FB4BA96001E4E71 /* Debug */,
				8A201ECC1FB4BA96001E4E71 /* Release */,
			);
			defaultConfigurationIsVisible = 0;
			defaultConfigurationName = Release;
		};
		8A201ECD1FB4BA96001E4E71 /* Build configuration list for PBXNativeTarget "FacebookTest" */ = {
			isa = XCConfigurationList;
			buildConfigurations = (
				8A201ECE1FB4BA96001E4E71 /* Debug */,
				8A201ECF1FB4BA96001E4E71 /* Release */,
			);
			defaultConfigurationIsVisible = 0;
			defaultConfigurationName = Release;
		};
/* End XCConfigurationList section */
	};
	rootObject = 8A201EB31FB4BA96001E4E71 /* Project object */;
}
